
Microsoft Visual Studio Solution File, Format Version 12.00
# Visual Studio 14
VisualStudioVersion = 14.0.24720.0
MinimumVisualStudioVersion = 10.0.40219.1
Project("{FAE04EC0-301F-11D3-BF4B-00C04F79EFBC}") = "WindowsFormsApplication1", "WindowsFormsApplication1\WindowsFormsApplication1.csproj", "{D9FEEEC5-6FCD-4CBD-93D1-E14822E33E11}"
EndProject
Project("{6141683F-8A12-4E36-9623-2EB02B2C2303}") = "Setup", "Setup\Setup.isproj", "{EAD14F7B-13E4-4FCD-B55E-148BBFA5C36E}"
	ProjectSection(ProjectDependencies) = postProject
		{D9FEEEC5-6FCD-4CBD-93D1-E14822E33E11} = {D9FEEEC5-6FCD-4CBD-93D1-E14822E33E11}
	EndProjectSection
EndProject
Global
	GlobalSection(SolutionConfigurationPlatforms) = preSolution
		CD_ROM|Any CPU = CD_ROM|Any CPU
		Debug|Any CPU = Debug|Any CPU
		DVD-5|Any CPU = DVD-5|Any CPU
		Release|Any CPU = Release|Any CPU
		SingleImage|Any CPU = SingleImage|Any CPU
	EndGlobalSection
	GlobalSection(ProjectConfigurationPlatforms) = postSolution
		{D9FEEEC5-6FCD-4CBD-93D1-E14822E33E11}.CD_ROM|Any CPU.ActiveCfg = Release|Any CPU
		{D9FEEEC5-6FCD-4CBD-93D1-E14822E33E11}.CD_ROM|Any CPU.Build.0 = Release|Any CPU
		{D9FEEEC5-6FCD-4CBD-93D1-E14822E33E11}.Debug|Any CPU.ActiveCfg = Debug|Any CPU
		{D9FEEEC5-6FCD-4CBD-93D1-E14822E33E11}.Debug|Any CPU.Build.0 = Debug|Any CPU
		{D9FEEEC5-6FCD-4CBD-93D1-E14822E33E11}.DVD-5|Any CPU.ActiveCfg = Debug|Any CPU
		{D9FEEEC5-6FCD-4CBD-93D1-E14822E33E11}.DVD-5|Any CPU.Build.0 = Debug|Any CPU
		{D9FEEEC5-6FCD-4CBD-93D1-E14822E33E11}.Release|Any CPU.ActiveCfg = Release|Any CPU
		{D9FEEEC5-6FCD-4CBD-93D1-E14822E33E11}.Release|Any CPU.Build.0 = Release|Any CPU
		{D9FEEEC5-6FCD-4CBD-93D1-E14822E33E11}.SingleImage|Any CPU.ActiveCfg = Release|Any CPU
		{D9FEEEC5-6FCD-4CBD-93D1-E14822E33E11}.SingleImage|Any CPU.Build.0 = Release|Any CPU
		{EAD14F7B-13E4-4FCD-B55E-148BBFA5C36E}.CD_ROM|Any CPU.ActiveCfg = CD_ROM
		{EAD14F7B-13E4-4FCD-B55E-148BBFA5C36E}.CD_ROM|Any CPU.Build.0 = CD_ROM
		{EAD14F7B-13E4-4FCD-B55E-148BBFA5C36E}.Debug|Any CPU.ActiveCfg = DVD-5
		{EAD14F7B-13E4-4FCD-B55E-148BBFA5C36E}.Debug|Any CPU.Build.0 = DVD-5
		{EAD14F7B-13E4-4FCD-B55E-148BBFA5C36E}.DVD-5|Any CPU.ActiveCfg = DVD-5
		{EAD14F7B-13E4-4FCD-B55E-148BBFA5C36E}.DVD-5|Any CPU.Build.0 = DVD-5
		{EAD14F7B-13E4-4FCD-B55E-148BBFA5C36E}.Release|Any CPU.ActiveCfg = SingleImage
		{EAD14F7B-13E4-4FCD-B55E-148BBFA5C36E}.Release|Any CPU.Build.0 = SingleImage
		{EAD14F7B-13E4-4FCD-B55E-148BBFA5C36E}.SingleImage|Any CPU.ActiveCfg = SingleImage
		{EAD14F7B-13E4-4FCD-B55E-148BBFA5C36E}.SingleImage|Any CPU.Build.0 = SingleImage
	EndGlobalSection
	GlobalSection(SolutionProperties) = preSolution
		HideSolutionNode = FALSE
	EndGlobalSection
EndGlobal
